// !$*UTF8*$!
{
	archiveVersion = 1;
	classes = {
	};
	objectVersion = 50;
	objects = {

/* Begin PBXBuildFile section */
		686436762315B48500DC2BC7 /* FileCreator.swift in Sources */ = {isa = PBXBuildFile; fileRef = 686436742315B47000DC2BC7 /* FileCreator.swift */; };
		687B6DD22315440100365E34 /* AppDelegate.swift in Sources */ = {isa = PBXBuildFile; fileRef = 687B6DD12315440100365E34 /* AppDelegate.swift */; };
		687B6DD62315440200365E34 /* Assets.xcassets in Resources */ = {isa = PBXBuildFile; fileRef = 687B6DD52315440200365E34 /* Assets.xcassets */; };
		687B6DD92315440200365E34 /* Main.storyboard in Resources */ = {isa = PBXBuildFile; fileRef = 687B6DD72315440200365E34 /* Main.storyboard */; };
		687B6DED2315445D00365E34 /* FinderMate Extension.appex in Embed App Extensions */ = {isa = PBXBuildFile; fileRef = 687B6DE52315445D00365E34 /* FinderMate Extension.appex */; settings = {ATTRIBUTES = (RemoveHeadersOnCopy, ); }; };
		687B6DF3231545F800365E34 /* AppPreferences.swift in Sources */ = {isa = PBXBuildFile; fileRef = 687B6DF2231545F800365E34 /* AppPreferences.swift */; };
		687B6DF52315460100365E34 /* PreferencesVC.swift in Sources */ = {isa = PBXBuildFile; fileRef = 687B6DF42315460100365E34 /* PreferencesVC.swift */; };
		687B6DF72315461B00365E34 /* CreateTextFileExtension.swift in Sources */ = {isa = PBXBuildFile; fileRef = 687B6DF62315461B00365E34 /* CreateTextFileExtension.swift */; };
/* End PBXBuildFile section */

/* Begin PBXContainerItemProxy section */
		687B6DEB2315445D00365E34 /* PBXContainerItemProxy */ = {
			isa = PBXContainerItemProxy;
			containerPortal = 687B6DC62315440100365E34 /* Project object */;
			proxyType = 1;
			remoteGlobalIDString = 687B6DE42315445D00365E34;
			remoteInfo = "FinderMate Extension";
		};
/* End PBXContainerItemProxy section */

/* Begin PBXCopyFilesBuildPhase section */
		687B6DF12315445D00365E34 /* Embed App Extensions */ = {
			isa = PBXCopyFilesBuildPhase;
			buildActionMask = 2147483647;
			dstPath = "";
			dstSubfolderSpec = 13;
			files = (
				687B6DED2315445D00365E34 /* FinderMate Extension.appex in Embed App Extensions */,
			);
			name = "Embed App Extensions";
			runOnlyForDeploymentPostprocessing = 0;
		};
/* End PBXCopyFilesBuildPhase section */

/* Begin PBXFileReference section */
		686436742315B47000DC2BC7 /* FileCreator.swift */ = {isa = PBXFileReference; lastKnownFileType = sourcecode.swift; name = FileCreator.swift; path = "FinderMate Extension/FileCreator.swift"; sourceTree = SOURCE_ROOT; };
		687B6DCE2315440100365E34 /* FinderMate.app */ = {isa = PBXFileReference; explicitFileType = wrapper.application; includeInIndex = 0; path = FinderMate.app; sourceTree = BUILT_PRODUCTS_DIR; };
		687B6DD12315440100365E34 /* AppDelegate.swift */ = {isa = PBXFileReference; lastKnownFileType = sourcecode.swift; path = AppDelegate.swift; sourceTree = "<group>"; };
		687B6DD52315440200365E34 /* Assets.xcassets */ = {isa = PBXFileReference; lastKnownFileType = folder.assetcatalog; path = Assets.xcassets; sourceTree = "<group>"; };
		687B6DD82315440200365E34 /* Base */ = {isa = PBXFileReference; lastKnownFileType = file.storyboard; name = Base; path = Base.lproj/Main.storyboard; sourceTree = "<group>"; };
		687B6DDA2315440200365E34 /* Info.plist */ = {isa = PBXFileReference; lastKnownFileType = text.plist.xml; path = Info.plist; sourceTree = "<group>"; };
		687B6DDB2315440200365E34 /* FinderMate.entitlements */ = {isa = PBXFileReference; lastKnownFileType = text.plist.entitlements; path = FinderMate.entitlements; sourceTree = "<group>"; };
		687B6DE52315445D00365E34 /* FinderMate Extension.appex */ = {isa = PBXFileReference; explicitFileType = "wrapper.app-extension"; includeInIndex = 0; path = "FinderMate Extension.appex"; sourceTree = BUILT_PRODUCTS_DIR; };
		687B6DE92315445D00365E34 /* Info.plist */ = {isa = PBXFileReference; lastKnownFileType = text.plist.xml; path = Info.plist; sourceTree = "<group>"; };
		687B6DEA2315445D00365E34 /* FinderMate_Extension.entitlements */ = {isa = PBXFileReference; lastKnownFileType = text.plist.entitlements; path = FinderMate_Extension.entitlements; sourceTree = "<group>"; };
		687B6DF2231545F800365E34 /* AppPreferences.swift */ = {isa = PBXFileReference; fileEncoding = 4; lastKnownFileType = sourcecode.swift; path = AppPreferences.swift; sourceTree = "<group>"; };
		687B6DF42315460100365E34 /* PreferencesVC.swift */ = {isa = PBXFileReference; fileEncoding = 4; lastKnownFileType = sourcecode.swift; path = PreferencesVC.swift; sourceTree = "<group>"; };
		687B6DF62315461B00365E34 /* CreateTextFileExtension.swift */ = {isa = PBXFileReference; fileEncoding = 4; lastKnownFileType = sourcecode.swift; path = CreateTextFileExtension.swift; sourceTree = "<group>"; };
/* End PBXFileReference section */

/* Begin PBXFrameworksBuildPhase section */
		687B6DCB2315440100365E34 /* Frameworks */ = {
			isa = PBXFrameworksBuildPhase;
			buildActionMask = 2147483647;
			files = (
			);
			runOnlyForDeploymentPostprocessing = 0;
		};
		687B6DE22315445D00365E34 /* Frameworks */ = {
			isa = PBXFrameworksBuildPhase;
			buildActionMask = 2147483647;
			files = (
			);
			runOnlyForDeploymentPostprocessing = 0;
		};
/* End PBXFrameworksBuildPhase section */

/* Begin PBXGroup section */
		687B6DC52315440100365E34 = {
			isa = PBXGroup;
			children = (
				687B6DD02315440100365E34 /* FinderMate */,
				687B6DE62315445D00365E34 /* FinderMate Extension */,
				687B6DCF2315440100365E34 /* Products */,
			);
			sourceTree = "<group>";
		};
		687B6DCF2315440100365E34 /* Products */ = {
			isa = PBXGroup;
			children = (
				687B6DCE2315440100365E34 /* FinderMate.app */,
				687B6DE52315445D00365E34 /* FinderMate Extension.appex */,
			);
			name = Products;
			sourceTree = "<group>";
		};
		687B6DD02315440100365E34 /* FinderMate */ = {
			isa = PBXGroup;
			children = (
				687B6DD12315440100365E34 /* AppDelegate.swift */,
				687B6DF2231545F800365E34 /* AppPreferences.swift */,
				687B6DF42315460100365E34 /* PreferencesVC.swift */,
				687B6DD52315440200365E34 /* Assets.xcassets */,
				687B6DD72315440200365E34 /* Main.storyboard */,
				687B6DDA2315440200365E34 /* Info.plist */,
				687B6DDB2315440200365E34 /* FinderMate.entitlements */,
			);
			path = FinderMate;
			sourceTree = "<group>";
		};
		687B6DE62315445D00365E34 /* FinderMate Extension */ = {
			isa = PBXGroup;
			children = (
				686436742315B47000DC2BC7 /* FileCreator.swift */,
				687B6DF62315461B00365E34 /* CreateTextFileExtension.swift */,
				687B6DE92315445D00365E34 /* Info.plist */,
				687B6DEA2315445D00365E34 /* FinderMate_Extension.entitlements */,
			);
			path = "FinderMate Extension";
			sourceTree = "<group>";
		};
/* End PBXGroup section */

/* Begin PBXNativeTarget section */
		687B6DCD2315440100365E34 /* FinderMate */ = {
			isa = PBXNativeTarget;
			buildConfigurationList = 687B6DDE2315440200365E34 /* Build configuration list for PBXNativeTarget "FinderMate" */;
			buildPhases = (
				687B6DCA2315440100365E34 /* Sources */,
				687B6DCB2315440100365E34 /* Frameworks */,
				687B6DCC2315440100365E34 /* Resources */,
				687B6DF12315445D00365E34 /* Embed App Extensions */,
			);
			buildRules = (
			);
			dependencies = (
				687B6DEC2315445D00365E34 /* PBXTargetDependency */,
			);
			name = FinderMate;
			productName = FinderMate;
			productReference = 687B6DCE2315440100365E34 /* FinderMate.app */;
			productType = "com.apple.product-type.application";
		};
		687B6DE42315445D00365E34 /* FinderMate Extension */ = {
			isa = PBXNativeTarget;
			buildConfigurationList = 687B6DEE2315445D00365E34 /* Build configuration list for PBXNativeTarget "FinderMate Extension" */;
			buildPhases = (
				687B6DE12315445D00365E34 /* Sources */,
				687B6DE22315445D00365E34 /* Frameworks */,
				687B6DE32315445D00365E34 /* Resources */,
			);
			buildRules = (
			);
			dependencies = (
			);
			name = "FinderMate Extension";
			productName = "FinderMate Extension";
			productReference = 687B6DE52315445D00365E34 /* FinderMate Extension.appex */;
			productType = "com.apple.product-type.app-extension";
		};
/* End PBXNativeTarget section */

/* Begin PBXProject section */
		687B6DC62315440100365E34 /* Project object */ = {
			isa = PBXProject;
			attributes = {
				LastSwiftUpdateCheck = 1030;
				LastUpgradeCheck = 1030;
				ORGANIZATIONNAME = "Janne Lehikoinen";
				TargetAttributes = {
					687B6DCD2315440100365E34 = {
						CreatedOnToolsVersion = 10.3;
						SystemCapabilities = {
							com.apple.HardenedRuntime = {
								enabled = 1;
							};
						};
					};
					687B6DE42315445D00365E34 = {
						CreatedOnToolsVersion = 10.3;
						SystemCapabilities = {
							com.apple.HardenedRuntime = {
								enabled = 1;
							};
						};
					};
				};
			};
			buildConfigurationList = 687B6DC92315440100365E34 /* Build configuration list for PBXProject "FinderMate" */;
			compatibilityVersion = "Xcode 9.3";
			developmentRegion = en;
			hasScannedForEncodings = 0;
			knownRegions = (
				en,
				Base,
			);
			mainGroup = 687B6DC52315440100365E34;
			productRefGroup = 687B6DCF2315440100365E34 /* Products */;
			projectDirPath = "";
			projectRoot = "";
			targets = (
				687B6DCD2315440100365E34 /* FinderMate */,
				687B6DE42315445D00365E34 /* FinderMate Extension */,
			);
		};
/* End PBXProject section */

/* Begin PBXResourcesBuildPhase section */
		687B6DCC2315440100365E34 /* Resources */ = {
			isa = PBXResourcesBuildPhase;
			buildActionMask = 2147483647;
			files = (
				687B6DD62315440200365E34 /* Assets.xcassets in Resources */,
				687B6DD92315440200365E34 /* Main.storyboard in Resources */,
			);
			runOnlyForDeploymentPostprocessing = 0;
		};
		687B6DE32315445D00365E34 /* Resources */ = {
			isa = PBXResourcesBuildPhase;
			buildActionMask = 2147483647;
			files = (
			);
			runOnlyForDeploymentPostprocessing = 0;
		};
/* End PBXResourcesBuildPhase section */

/* Begin PBXSourcesBuildPhase section */
		687B6DCA2315440100365E34 /* Sources */ = {
			isa = PBXSourcesBuildPhase;
			buildActionMask = 2147483647;
			files = (
				687B6DF3231545F800365E34 /* AppPreferences.swift in Sources */,
				687B6DF52315460100365E34 /* PreferencesVC.swift in Sources */,
				687B6DD22315440100365E34 /* AppDelegate.swift in Sources */,
			);
			runOnlyForDeploymentPostprocessing = 0;
		};
		687B6DE12315445D00365E34 /* Sources */ = {
			isa = PBXSourcesBuildPhase;
			buildActionMask = 2147483647;
			files = (
				686436762315B48500DC2BC7 /* FileCreator.swift in Sources */,
				687B6DF72315461B00365E34 /* CreateTextFileExtension.swift in Sources */,
			);
			runOnlyForDeploymentPostprocessing = 0;
		};
/* End PBXSourcesBuildPhase section */

/* Begin PBXTargetDependency section */
		687B6DEC2315445D00365E34 /* PBXTargetDependency */ = {
			isa = PBXTargetDependency;
			target = 687B6DE42315445D00365E34 /* FinderMate Extension */;
			targetProxy = 687B6DEB2315445D00365E34 /* PBXContainerItemProxy */;
		};
/* End PBXTargetDependency section */

/* Begin PBXVariantGroup section */
		687B6DD72315440200365E34 /* Main.storyboard */ = {
			isa = PBXVariantGroup;
			children = (
				687B6DD82315440200365E34 /* Base */,
			);
			name = Main.storyboard;
			sourceTree = "<group>";
		};
/* End PBXVariantGroup section */

/* Begin XCBuildConfiguration section */
		687B6DDC2315440200365E34 /* Debug */ = {
			isa = XCBuildConfiguration;
			buildSettings = {
				ALWAYS_SEARCH_USER_PATHS = NO;
				CLANG_ANALYZER_NONNULL = YES;
				CLANG_ANALYZER_NUMBER_OBJECT_CONVERSION = YES_AGGRESSIVE;
				CLANG_CXX_LANGUAGE_STANDARD = "gnu++14";
				CLANG_CXX_LIBRARY = "libc++";
				CLANG_ENABLE_MODULES = YES;
				CLANG_ENABLE_OBJC_ARC = YES;
				CLANG_ENABLE_OBJC_WEAK = YES;
				CLANG_WARN_BLOCK_CAPTURE_AUTORELEASING = YES;
				CLANG_WARN_BOOL_CONVERSION = YES;
				CLANG_WARN_COMMA = YES;
				CLANG_WARN_CONSTANT_CONVERSION = YES;
				CLANG_WARN_DEPRECATED_OBJC_IMPLEMENTATIONS = YES;
				CLANG_WARN_DIRECT_OBJC_ISA_USAGE = YES_ERROR;
				CLANG_WARN_DOCUMENTATION_COMMENTS = YES;
				CLANG_WARN_EMPTY_BODY = YES;
				CLANG_WARN_ENUM_CONVERSION = YES;
				CLANG_WARN_INFINITE_RECURSION = YES;
				CLANG_WARN_INT_CONVERSION = YES;
				CLANG_WARN_NON_LITERAL_NULL_CONVERSION = YES;
				CLANG_WARN_OBJC_IMPLICIT_RETAIN_SELF = YES;
				CLANG_WARN_OBJC_LITERAL_CONVERSION = YES;
				CLANG_WARN_OBJC_ROOT_CLASS = YES_ERROR;
				CLANG_WARN_RANGE_LOOP_ANALYSIS = YES;
				CLANG_WARN_STRICT_PROTOTYPES = YES;
				CLANG_WARN_SUSPICIOUS_MOVE = YES;
				CLANG_WARN_UNGUARDED_AVAILABILITY = YES_AGGRESSIVE;
				CLANG_WARN_UNREACHABLE_CODE = YES;
				CLANG_WARN__DUPLICATE_METHOD_MATCH = YES;
				CODE_SIGN_IDENTITY = "Mac Developer";
				COPY_PHASE_STRIP = NO;
				DEBUG_INFORMATION_FORMAT = dwarf;
				ENABLE_STRICT_OBJC_MSGSEND = YES;
				ENABLE_TESTABILITY = YES;
				GCC_C_LANGUAGE_STANDARD = gnu11;
				GCC_DYNAMIC_NO_PIC = NO;
				GCC_NO_COMMON_BLOCKS = YES;
				GCC_OPTIMIZATION_LEVEL = 0;
				GCC_PREPROCESSOR_DEFINITIONS = (
					"DEBUG=1",
					"$(inherited)",
				);
				GCC_WARN_64_TO_32_BIT_CONVERSION = YES;
				GCC_WARN_ABOUT_RETURN_TYPE = YES_ERROR;
				GCC_WARN_UNDECLARED_SELECTOR = YES;
				GCC_WARN_UNINITIALIZED_AUTOS = YES_AGGRESSIVE;
				GCC_WARN_UNUSED_FUNCTION = YES;
				GCC_WARN_UNUSED_VARIABLE = YES;
				MACOSX_DEPLOYMENT_TARGET = 10.14;
				MTL_ENABLE_DEBUG_INFO = INCLUDE_SOURCE;
				MTL_FAST_MATH = YES;
				ONLY_ACTIVE_ARCH = YES;
				SDKROOT = macosx;
				SWIFT_ACTIVE_COMPILATION_CONDITIONS = DEBUG;
				SWIFT_OPTIMIZATION_LEVEL = "-Onone";
			};
			name = Debug;
		};
		687B6DDD2315440200365E34 /* Release */ = {
			isa = XCBuildConfiguration;
			buildSettings = {
				ALWAYS_SEARCH_USER_PATHS = NO;
				CLANG_ANALYZER_NONNULL = YES;
				CLANG_ANALYZER_NUMBER_OBJECT_CONVERSION = YES_AGGRESSIVE;
				CLANG_CXX_LANGUAGE_STANDARD = "gnu++14";
				CLANG_CXX_LIBRARY = "libc++";
				CLANG_ENABLE_MODULES = YES;
				CLANG_ENABLE_OBJC_ARC = YES;
				CLANG_ENABLE_OBJC_WEAK = YES;
				CLANG_WARN_BLOCK_CAPTURE_AUTORELEASING = YES;
				CLANG_WARN_BOOL_CONVERSION = YES;
				CLANG_WARN_COMMA = YES;
				CLANG_WARN_CONSTANT_CONVERSION = YES;
				CLANG_WARN_DEPRECATED_OBJC_IMPLEMENTATIONS = YES;
				CLANG_WARN_DIRECT_OBJC_ISA_USAGE = YES_ERROR;
				CLANG_WARN_DOCUMENTATION_COMMENTS = YES;
				CLANG_WARN_EMPTY_BODY = YES;
				CLANG_WARN_ENUM_CONVERSION = YES;
				CLANG_WARN_INFINITE_RECURSION = YES;
				CLANG_WARN_INT_CONVERSION = YES;
				CLANG_WARN_NON_LITERAL_NULL_CONVERSION = YES;
				CLANG_WARN_OBJC_IMPLICIT_RETAIN_SELF = YES;
				CLANG_WARN_OBJC_LITERAL_CONVERSION = YES;
				CLANG_WARN_OBJC_ROOT_CLASS = YES_ERROR;
				CLANG_WARN_RANGE_LOOP_ANALYSIS = YES;
				CLANG_WARN_STRICT_PROTOTYPES = YES;
				CLANG_WARN_SUSPICIOUS_MOVE = YES;
				CLANG_WARN_UNGUARDED_AVAILABILITY = YES_AGGRESSIVE;
				CLANG_WARN_UNREACHABLE_CODE = YES;
				CLANG_WARN__DUPLICATE_METHOD_MATCH = YES;
				CODE_SIGN_IDENTITY = "Mac Developer";
				COPY_PHASE_STRIP = NO;
				DEBUG_INFORMATION_FORMAT = "dwarf-with-dsym";
				ENABLE_NS_ASSERTIONS = NO;
				ENABLE_STRICT_OBJC_MSGSEND = YES;
				GCC_C_LANGUAGE_STANDARD = gnu11;
				GCC_NO_COMMON_BLOCKS = YES;
				GCC_WARN_64_TO_32_BIT_CONVERSION = YES;
				GCC_WARN_ABOUT_RETURN_TYPE = YES_ERROR;
				GCC_WARN_UNDECLARED_SELECTOR = YES;
				GCC_WARN_UNINITIALIZED_AUTOS = YES_AGGRESSIVE;
				GCC_WARN_UNUSED_FUNCTION = YES;
				GCC_WARN_UNUSED_VARIABLE = YES;
				MACOSX_DEPLOYMENT_TARGET = 10.14;
				MTL_ENABLE_DEBUG_INFO = NO;
				MTL_FAST_MATH = YES;
				SDKROOT = macosx;
				SWIFT_COMPILATION_MODE = wholemodule;
				SWIFT_OPTIMIZATION_LEVEL = "-O";
			};
			name = Release;
		};
		687B6DDF2315440200365E34 /* Debug */ = {
			isa = XCBuildConfiguration;
			buildSettings = {
				ALWAYS_EMBED_SWIFT_STANDARD_LIBRARIES = YES;
				ASSETCATALOG_COMPILER_APPICON_NAME = AppIcon;
				CODE_SIGN_ENTITLEMENTS = FinderMate/FinderMate.entitlements;
				CODE_SIGN_IDENTITY = "Developer ID Application";
				CODE_SIGN_STYLE = Manual;
				COMBINE_HIDPI_IMAGES = YES;
				DEVELOPMENT_TEAM = DAQCN465V5;
				ENABLE_HARDENED_RUNTIME = YES;
				INFOPLIST_FILE = FinderMate/Info.plist;
				LD_RUNPATH_SEARCH_PATHS = (
					"$(inherited)",
					"@executable_path/../Frameworks",
				);
				PRODUCT_BUNDLE_IDENTIFIER = com.github.jlehikoinen.FinderMate;
				PRODUCT_NAME = "$(TARGET_NAME)";
				PROVISIONING_PROFILE_SPECIFIER = "";
				SWIFT_VERSION = 5.0;
			};
			name = Debug;
		};
		687B6DE02315440200365E34 /* Release */ = {
			isa = XCBuildConfiguration;
			buildSettings = {
				ALWAYS_EMBED_SWIFT_STANDARD_LIBRARIES = YES;
				ASSETCATALOG_COMPILER_APPICON_NAME = AppIcon;
				CODE_SIGN_ENTITLEMENTS = FinderMate/FinderMate.entitlements;
				CODE_SIGN_IDENTITY = "Developer ID Application";
				CODE_SIGN_STYLE = Manual;
				COMBINE_HIDPI_IMAGES = YES;
				DEVELOPMENT_TEAM = DAQCN465V5;
				ENABLE_HARDENED_RUNTIME = YES;
				INFOPLIST_FILE = FinderMate/Info.plist;
				LD_RUNPATH_SEARCH_PATHS = (
					"$(inherited)",
					"@executable_path/../Frameworks",
				);
				PRODUCT_BUNDLE_IDENTIFIER = com.github.jlehikoinen.FinderMate;
				PRODUCT_NAME = "$(TARGET_NAME)";
				PROVISIONING_PROFILE_SPECIFIER = "";
				SWIFT_VERSION = 5.0;
			};
			name = Release;
		};
		687B6DEF2315445D00365E34 /* Debug */ = {
			isa = XCBuildConfiguration;
			buildSettings = {
				CODE_SIGN_ENTITLEMENTS = "FinderMate Extension/FinderMate_Extension.entitlements";
				CODE_SIGN_IDENTITY = "Developer ID Application";
				CODE_SIGN_STYLE = Manual;
				COMBINE_HIDPI_IMAGES = YES;
				DEVELOPMENT_TEAM = DAQCN465V5;
				ENABLE_HARDENED_RUNTIME = YES;
				INFOPLIST_FILE = "FinderMate Extension/Info.plist";
				LD_RUNPATH_SEARCH_PATHS = (
					"$(inherited)",
					"@executable_path/../Frameworks",
					"@executable_path/../../../../Frameworks",
				);
				PRODUCT_BUNDLE_IDENTIFIER = "com.github.jlehikoinen.FinderMate.FinderMate-Extension";
				PRODUCT_NAME = "$(TARGET_NAME)";
				PROVISIONING_PROFILE_SPECIFIER = "";
				SKIP_INSTALL = YES;
				SWIFT_VERSION = 5.0;
			};
			name = Debug;
		};
		687B6DF02315445D00365E34 /* Release */ = {
			isa = XCBuildConfiguration;
			buildSettings = {
				CODE_SIGN_ENTITLEMENTS = "FinderMate Extension/FinderMate_Extension.entitlements";
				CODE_SIGN_IDENTITY = "Developer ID Application";
				CODE_SIGN_STYLE = Manual;
				COMBINE_HIDPI_IMAGES = YES;
				DEVELOPMENT_TEAM = DAQCN465V5;
				ENABLE_HARDENED_RUNTIME = YES;
				INFOPLIST_FILE = "FinderMate Extension/Info.plist";
				LD_RUNPATH_SEARCH_PATHS = (
					"$(inherited)",
					"@executable_path/../Frameworks",
					"@executable_path/../../../../Frameworks",
				);
				PRODUCT_BUNDLE_IDENTIFIER = "com.github.jlehikoinen.FinderMate.FinderMate-Extension";
				PRODUCT_NAME = "$(TARGET_NAME)";
				PROVISIONING_PROFILE_SPECIFIER = "";
				SKIP_INSTALL = YES;
				SWIFT_VERSION = 5.0;
			};
			name = Release;
		};
/* End XCBuildConfiguration section */

/* Begin XCConfigurationList section */
		687B6DC92315440100365E34 /* Build configuration list for PBXProject "FinderMate" */ = {
			isa = XCConfigurationList;
			buildConfigurations = (
				687B6DDC2315440200365E34 /* Debug */,
				687B6DDD2315440200365E34 /* Release */,
			);
			defaultConfigurationIsVisible = 0;
			defaultConfigurationName = Release;
		};
		687B6DDE2315440200365E34 /* Build configuration list for PBXNativeTarget "FinderMate" */ = {
			isa = XCConfigurationList;
			buildConfigurations = (
				687B6DDF2315440200365E34 /* Debug */,
				687B6DE02315440200365E34 /* Release */,
			);
			defaultConfigurationIsVisible = 0;
			defaultConfigurationName = Release;
		};
		687B6DEE2315445D00365E34 /* Build configuration list for PBXNativeTarget "FinderMate Extension" */ = {
			isa = XCConfigurationList;
			buildConfigurations = (
				687B6DEF2315445D00365E34 /* Debug */,
				687B6DF02315445D00365E34 /* Release */,
			);
			defaultConfigurationIsVisible = 0;
			defaultConfigurationName = Release;
		};
/* End XCConfigurationList section */
	};
	rootObject = 687B6DC62315440100365E34 /* Project object */;
}
